
Microsoft Visual Studio Solution File, Format Version 12.00
# Visual Studio Version 16
VisualStudioVersion = 16.0.31729.503
MinimumVisualStudioVersion = 10.0.40219.1
Project("{FAE04EC0-301F-11D3-BF4B-00C04F79EFBC}") = "appiumconsole", "appiumconsole\appiumconsole.csproj", "{1EA94293-2696-4BD5-AE9D-C00CFF05ADD1}"
EndProject
Global
	GlobalSection(SolutionConfigurationPlatforms) = preSolution
		Debug|Any CPU = Debug|Any CPU
		Release|Any CPU = Release|Any CPU
	EndGlobalSection
	GlobalSection(ProjectConfigurationPlatforms) = postSolution
		{1EA94293-2696-4BD5-AE9D-C00CFF05ADD1}.Debug|Any CPU.ActiveCfg = Debug|Any CPU
		{1EA94293-2696-4BD5-AE9D-C00CFF05ADD1}.Debug|Any CPU.Build.0 = Debug|Any CPU
		{1EA94293-2696-4BD5-AE9D-C00CFF05ADD1}.Release|Any CPU.ActiveCfg = Release|Any CPU
		{1EA94293-2696-4BD5-AE9D-C00CFF05ADD1}.Release|Any CPU.Build.0 = Release|Any CPU
	EndGlobalSection
	GlobalSection(SolutionProperties) = preSolution
		HideSolutionNode = FALSE
	EndGlobalSection
	GlobalSection(ExtensibilityGlobals) = postSolution
		SolutionGuid = {3B473C94-DC2C-41E9-AAB4-86B7E876B1C9}
	EndGlobalSection
EndGlobal
